
Microsoft Visual Studio Solution File, Format Version 12.00
# Visual Studio Version 17
VisualStudioVersion = 17.1.32328.378
MinimumVisualStudioVersion = 10.0.40219.1
Project("{FAE04EC0-301F-11D3-BF4B-00C04F79EFBC}") = "TestExtensions", "TestExtensions\TestExtensions.csproj", "{90AD330C-D6EC-4298-AFE7-9272C588B522}"
EndProject
Project("{FAE04EC0-301F-11D3-BF4B-00C04F79EFBC}") = "Extensions", "Extensions\Extensions.csproj", "{0AD97BD8-1930-4F09-8769-369FC8F76FC7}"
EndProject
Global
	GlobalSection(SolutionConfigurationPlatforms) = preSolution
		Debug|Any CPU = Debug|Any CPU
		Release|Any CPU = Release|Any CPU
	EndGlobalSection
	GlobalSection(ProjectConfigurationPlatforms) = postSolution
		{90AD330C-D6EC-4298-AFE7-9272C588B522}.Debug|Any CPU.ActiveCfg = Debug|Any CPU
		{90AD330C-D6EC-4298-AFE7-9272C588B522}.Debug|Any CPU.Build.0 = Debug|Any CPU
		{90AD330C-D6EC-4298-AFE7-9272C588B522}.Release|Any CPU.ActiveCfg = Release|Any CPU
		{90AD330C-D6EC-4298-AFE7-9272C588B522}.Release|Any CPU.Build.0 = Release|Any CPU
		{0AD97BD8-1930-4F09-8769-369FC8F76FC7}.Debug|Any CPU.ActiveCfg = Debug|Any CPU
		{0AD97BD8-1930-4F09-8769-369FC8F76FC7}.Debug|Any CPU.Build.0 = Debug|Any CPU
		{0AD97BD8-1930-4F09-8769-369FC8F76FC7}.Release|Any CPU.ActiveCfg = Release|Any CPU
		{0AD97BD8-1930-4F09-8769-369FC8F76FC7}.Release|Any CPU.Build.0 = Release|Any CPU
	EndGlobalSection
	GlobalSection(SolutionProperties) = preSolution
		HideSolutionNode = FALSE
	EndGlobalSection
	GlobalSection(ExtensibilityGlobals) = postSolution
		SolutionGuid = {D7381815-30DC-404F-AEA2-A2FB651C308D}
	EndGlobalSection
EndGlobal
